
Microsoft Visual Studio Solution File, Format Version 12.00
# Visual Studio Version 17
VisualStudioVersion = 17.14.36705.20
MinimumVisualStudioVersion = 10.0.40219.1
Project("{FAE04EC0-301F-11D3-BF4B-00C04F79EFBC}") = "FoodStack Service", "Service\FoodStack Service.csproj", "{9B45B89C-6724-B4A5-CF3E-29F061A3A4DD}"
EndProject
Project("{54A90642-561A-4BB1-A94E-469ADEE60C69}") = "FoodStack Client", "Client\FoodStack Client.esproj", "{1DE973DE-790F-A13B-7F24-D9C42248C5B6}"
EndProject
Project("{FAE04EC0-301F-11D3-BF4B-00C04F79EFBC}") = "FoodStack Service - Test", "Service - Test\FoodStack Service - Test.csproj", "{47778DF9-629D-1EFC-D5F5-4744685C6230}"
EndProject
Global
	GlobalSection(SolutionConfigurationPlatforms) = preSolution
		Debug|Any CPU = Debug|Any CPU
		Debug|x86 = Debug|x86
		Release|Any CPU = Release|Any CPU
		Release|x86 = Release|x86
	EndGlobalSection
	GlobalSection(ProjectConfigurationPlatforms) = postSolution
		{9B45B89C-6724-B4A5-CF3E-29F061A3A4DD}.Debug|Any CPU.ActiveCfg = Debug|Any CPU
		{9B45B89C-6724-B4A5-CF3E-29F061A3A4DD}.Debug|Any CPU.Build.0 = Debug|Any CPU
		{9B45B89C-6724-B4A5-CF3E-29F061A3A4DD}.Debug|x86.ActiveCfg = Debug|Any CPU
		{9B45B89C-6724-B4A5-CF3E-29F061A3A4DD}.Debug|x86.Build.0 = Debug|Any CPU
		{9B45B89C-6724-B4A5-CF3E-29F061A3A4DD}.Release|Any CPU.ActiveCfg = Release|Any CPU
		{9B45B89C-6724-B4A5-CF3E-29F061A3A4DD}.Release|Any CPU.Build.0 = Release|Any CPU
		{9B45B89C-6724-B4A5-CF3E-29F061A3A4DD}.Release|x86.ActiveCfg = Release|Any CPU
		{9B45B89C-6724-B4A5-CF3E-29F061A3A4DD}.Release|x86.Build.0 = Release|Any CPU
		{1DE973DE-790F-A13B-7F24-D9C42248C5B6}.Debug|Any CPU.ActiveCfg = Debug|Any CPU
		{1DE973DE-790F-A13B-7F24-D9C42248C5B6}.Debug|Any CPU.Build.0 = Debug|Any CPU
		{1DE973DE-790F-A13B-7F24-D9C42248C5B6}.Debug|Any CPU.Deploy.0 = Debug|Any CPU
		{1DE973DE-790F-A13B-7F24-D9C42248C5B6}.Debug|x86.ActiveCfg = Debug|x86
		{1DE973DE-790F-A13B-7F24-D9C42248C5B6}.Debug|x86.Build.0 = Debug|x86
		{1DE973DE-790F-A13B-7F24-D9C42248C5B6}.Debug|x86.Deploy.0 = Debug|x86
		{1DE973DE-790F-A13B-7F24-D9C42248C5B6}.Release|Any CPU.ActiveCfg = Release|Any CPU
		{1DE973DE-790F-A13B-7F24-D9C42248C5B6}.Release|Any CPU.Build.0 = Release|Any CPU
		{1DE973DE-790F-A13B-7F24-D9C42248C5B6}.Release|Any CPU.Deploy.0 = Release|Any CPU
		{1DE973DE-790F-A13B-7F24-D9C42248C5B6}.Release|x86.ActiveCfg = Release|x86
		{1DE973DE-790F-A13B-7F24-D9C42248C5B6}.Release|x86.Build.0 = Release|x86
		{1DE973DE-790F-A13B-7F24-D9C42248C5B6}.Release|x86.Deploy.0 = Release|x86
		{47778DF9-629D-1EFC-D5F5-4744685C6230}.Debug|Any CPU.ActiveCfg = Debug|Any CPU
		{47778DF9-629D-1EFC-D5F5-4744685C6230}.Debug|Any CPU.Build.0 = Debug|Any CPU
		{47778DF9-629D-1EFC-D5F5-4744685C6230}.Debug|x86.ActiveCfg = Debug|Any CPU
		{47778DF9-629D-1EFC-D5F5-4744685C6230}.Debug|x86.Build.0 = Debug|Any CPU
		{47778DF9-629D-1EFC-D5F5-4744685C6230}.Release|Any CPU.ActiveCfg = Release|Any CPU
		{47778DF9-629D-1EFC-D5F5-4744685C6230}.Release|Any CPU.Build.0 = Release|Any CPU
		{47778DF9-629D-1EFC-D5F5-4744685C6230}.Release|x86.ActiveCfg = Release|Any CPU
		{47778DF9-629D-1EFC-D5F5-4744685C6230}.Release|x86.Build.0 = Release|Any CPU
	EndGlobalSection
	GlobalSection(SolutionProperties) = preSolution
		HideSolutionNode = FALSE
	EndGlobalSection
	GlobalSection(ExtensibilityGlobals) = postSolution
		SolutionGuid = {EF010544-3901-4EF2-84BF-49ED49ADFCD5}
	EndGlobalSection
EndGlobal
